<?xml version="1.0" encoding="UTF-8"?>
<!DOCTYPE plist PUBLIC "-//Apple//DTD PLIST 1.0//EN" "http://www.apple.com/DTDs/PropertyList-1.0.dtd">
<plist version="1.0">
<dict>
	<key>archiveVersion</key>
	<string>1</string>
	<key>classes</key>
	<dict/>
	<key>objectVersion</key>
	<string>46</string>
	<key>objects</key>
	<dict>
		<key>893A8C831D004E5100748B4E</key>
		<dict>
			<key>children</key>
			<array>
				<string>899F785D1D02F1D000953018</string>
				<string>89406CE31D0442CA007E20C2</string>
				<string>899F78601D02F25E00953018</string>
				<string>893A8C8D1D004E5100748B4E</string>
				<string>899F78611D02F27000953018</string>
				<string>899F78681D031EE800953018</string>
				<string>89406CAF1D043106007E20C2</string>
				<string>893A8C8E1D004E5100748B4E</string>
				<string>893A8CA61D004E5100748B4E</string>
			</array>
			<key>isa</key>
			<string>PBXGroup</string>
			<key>sourceTree</key>
			<string>&lt;group&gt;</string>
		</dict>
		<key>893A8C841D004E5100748B4E</key>
		<dict>
			<key>attributes</key>
			<dict>
				<key>LastSwiftUpdateCheck</key>
				<string>0730</string>
				<key>LastUpgradeCheck</key>
				<string>0730</string>
				<key>ORGANIZATIONNAME</key>
				<string>company</string>
				<key>TargetAttributes</key>
				<dict>
					<key>893A8C8B1D004E5100748B4E</key>
					<dict>
						<key>CreatedOnToolsVersion</key>
						<string>7.3</string>
					</dict>
					<key>893A8CA21D004E5100748B4E</key>
					<dict>
						<key>CreatedOnToolsVersion</key>
						<string>7.3</string>
						<key>TestTargetID</key>
						<string>893A8C8B1D004E5100748B4E</string>
					</dict>
				</dict>
			</dict>
			<key>buildConfigurationList</key>
			<string>893A8C871D004E5100748B4E</string>
			<key>compatibilityVersion</key>
			<string>Xcode 3.2</string>
			<key>developmentRegion</key>
			<string>English</string>
			<key>hasScannedForEncodings</key>
			<string>0</string>
			<key>isa</key>
			<string>PBXProject</string>
			<key>knownRegions</key>
			<array>
				<string>en</string>
				<string>Base</string>
			</array>
			<key>mainGroup</key>
			<string>893A8C831D004E5100748B4E</string>
			<key>productRefGroup</key>
			<string>893A8C8D1D004E5100748B4E</string>
			<key>projectDirPath</key>
			<string></string>
			<key>projectReferences</key>
			<array/>
			<key>projectRoot</key>
			<string></string>
			<key>targets</key>
			<array>
				<string>893A8C8B1D004E5100748B4E</string>
				<string>893A8CA21D004E5100748B4E</string>
			</array>
		</dict>
		<key>893A8C871D004E5100748B4E</key>
		<dict>
			<key>buildConfigurations</key>
			<array>
				<string>893A8CAA1D004E5100748B4E</string>
				<string>893A8CAB1D004E5100748B4E</string>
			</array>
			<key>defaultConfigurationIsVisible</key>
			<string>0</string>
			<key>defaultConfigurationName</key>
			<string>Release</string>
			<key>isa</key>
			<string>XCConfigurationList</string>
		</dict>
		<key>893A8C881D004E5100748B4E</key>
		<dict>
			<key>buildActionMask</key>
			<string>2147483647</string>
			<key>files</key>
			<array>
				<string>89406CD61D04311C007E20C2</string>
				<string>89406CE11D04311C007E20C2</string>
				<string>899F785C1D02E9AA00953018</string>
				<string>89406CD91D04311C007E20C2</string>
				<string>89CEA8651D035F74002C763A</string>
				<string>89CEA8621D035F1F002C763A</string>
				<string>89CEA84E1D0338D4002C763A</string>
				<string>89406CD51D04311C007E20C2</string>
				<string>89406CD81D04311C007E20C2</string>
				<string>89CEA8681D0360FC002C763A</string>
				<string>893A8CB31D0063BF00748B4E</string>
				<string>89406CE01D04311C007E20C2</string>
				<string>899F786A1D031F0F00953018</string>
				<string>89CEA8581D0344AB002C763A</string>
				<string>893A8C921D004E5100748B4E</string>
				<string>89406CDF1D04311C007E20C2</string>
				<string>89CEA8661D035F74002C763A</string>
				<string>89CEA85E1D0346A3002C763A</string>
				<string>899F785F1D02F1E700953018</string>
				<string>89406CDC1D04311C007E20C2</string>
				<string>89406CDD1D04311C007E20C2</string>
				<string>89CEA85A1D0344BE002C763A</string>
				<string>89406CDE1D04311C007E20C2</string>
				<string>89406CDA1D04311C007E20C2</string>
				<string>899F78631D02F2B700953018</string>
				<string>899F78581D02E37800953018</string>
				<string>899F78671D030BD500953018</string>
				<string>893A8C901D004E5100748B4E</string>
				<string>89406CD21D04311C007E20C2</string>
				<string>89CEA8551D033AAA002C763A</string>
				<string>89406CD71D04311C007E20C2</string>
				<string>89406CDB1D04311C007E20C2</string>
				<string>899F78571D02E37800953018</string>
				<string>89406CD31D04311C007E20C2</string>
				<string>89CEA8561D033AAA002C763A</string>
				<string>89CEA8601D03533B002C763A</string>
				<string>89406CD41D04311C007E20C2</string>
				<string>893A8C981D004E5100748B4E</string>
				<string>89406CE51D04431F007E20C2</string>
				<string>899F78651D02F2EB00953018</string>
			</array>
			<key>isa</key>
			<string>PBXSourcesBuildPhase</string>
			<key>runOnlyForDeploymentPostprocessing</key>
			<string>0</string>
		</dict>
		<key>893A8C891D004E5100748B4E</key>
		<dict>
			<key>buildActionMask</key>
			<string>2147483647</string>
			<key>files</key>
			<array/>
			<key>isa</key>
			<string>PBXFrameworksBuildPhase</string>
			<key>runOnlyForDeploymentPostprocessing</key>
			<string>0</string>
		</dict>
		<key>893A8C8A1D004E5100748B4E</key>
		<dict>
			<key>buildActionMask</key>
			<string>2147483647</string>
			<key>files</key>
			<array>
				<string>893A8C9D1D004E5100748B4E</string>
				<string>893A8C9A1D004E5100748B4E</string>
				<string>893A8C951D004E5100748B4E</string>
			</array>
			<key>isa</key>
			<string>PBXResourcesBuildPhase</string>
			<key>runOnlyForDeploymentPostprocessing</key>
			<string>0</string>
		</dict>
		<key>893A8C8B1D004E5100748B4E</key>
		<dict>
			<key>buildConfigurationList</key>
			<string>893A8CAC1D004E5100748B4E</string>
			<key>buildPhases</key>
			<array>
				<string>893A8C881D004E5100748B4E</string>
				<string>893A8C891D004E5100748B4E</string>
				<string>893A8C8A1D004E5100748B4E</string>
			</array>
			<key>buildRules</key>
			<array/>
			<key>dependencies</key>
			<array/>
			<key>isa</key>
			<string>PBXNativeTarget</string>
			<key>name</key>
			<string>quiz</string>
			<key>productName</key>
			<string>quiz</string>
			<key>productReference</key>
			<string>893A8C8C1D004E5100748B4E</string>
			<key>productType</key>
			<string>com.apple.product-type.application</string>
		</dict>
		<key>893A8C8C1D004E5100748B4E</key>
		<dict>
			<key>explicitFileType</key>
			<string>wrapper.application</string>
			<key>includeInIndex</key>
			<string>0</string>
			<key>isa</key>
			<string>PBXFileReference</string>
			<key>path</key>
			<string>quiz.app</string>
			<key>sourceTree</key>
			<string>BUILT_PRODUCTS_DIR</string>
		</dict>
		<key>893A8C8D1D004E5100748B4E</key>
		<dict>
			<key>children</key>
			<array>
				<string>893A8C8C1D004E5100748B4E</string>
				<string>893A8CA31D004E5100748B4E</string>
			</array>
			<key>isa</key>
			<string>PBXGroup</string>
			<key>name</key>
			<string>Products</string>
			<key>sourceTree</key>
			<string>&lt;group&gt;</string>
		</dict>
		<key>893A8C8E1D004E5100748B4E</key>
		<dict>
			<key>children</key>
			<array>
				<string>893A8C8F1D004E5100748B4E</string>
				<string>893A8C991D004E5100748B4E</string>
				<string>893A8C9E1D004E5100748B4E</string>
				<string>893A8C9B1D004E5100748B4E</string>
				<string>893A8C931D004E5100748B4E</string>
				<string>89CEA85F1D03533B002C763A</string>
				<string>89406CE21D0431A1007E20C2</string>
				<string>893A8C961D004E5100748B4E</string>
			</array>
			<key>isa</key>
			<string>PBXGroup</string>
			<key>path</key>
			<string>quiz</string>
			<key>sourceTree</key>
			<string>&lt;group&gt;</string>
		</dict>
		<key>893A8C8F1D004E5100748B4E</key>
		<dict>
			<key>isa</key>
			<string>PBXFileReference</string>
			<key>lastKnownFileType</key>
			<string>sourcecode.swift</string>
			<key>path</key>
			<string>AppDelegate.swift</string>
			<key>sourceTree</key>
			<string>&lt;group&gt;</string>
		</dict>
		<key>893A8C901D004E5100748B4E</key>
		<dict>
			<key>fileRef</key>
			<string>893A8C8F1D004E5100748B4E</string>
			<key>isa</key>
			<string>PBXBuildFile</string>
		</dict>
		<key>893A8C911D004E5100748B4E</key>
		<dict>
			<key>isa</key>
			<string>PBXFileReference</string>
			<key>lastKnownFileType</key>
			<string>sourcecode.swift</string>
			<key>name</key>
			<string>QuizListController.swift</string>
			<key>path</key>
			<string>QuizListController.swift</string>
			<key>sourceTree</key>
			<string>&lt;group&gt;</string>
		</dict>
		<key>893A8C921D004E5100748B4E</key>
		<dict>
			<key>fileRef</key>
			<string>893A8C911D004E5100748B4E</string>
			<key>isa</key>
			<string>PBXBuildFile</string>
		</dict>
		<key>893A8C931D004E5100748B4E</key>
		<dict>
			<key>children</key>
			<array>
				<string>893A8C941D004E5100748B4E</string>
			</array>
			<key>isa</key>
			<string>PBXVariantGroup</string>
			<key>name</key>
			<string>Main.storyboard</string>
			<key>path</key>
			<string>.</string>
			<key>sourceTree</key>
			<string>&lt;group&gt;</string>
		</dict>
		<key>893A8C941D004E5100748B4E</key>
		<dict>
			<key>isa</key>
			<string>PBXFileReference</string>
			<key>lastKnownFileType</key>
			<string>file.storyboard</string>
			<key>name</key>
			<string>Base</string>
			<key>path</key>
			<string>Base.lproj/Main.storyboard</string>
			<key>sourceTree</key>
			<string>&lt;group&gt;</string>
		</dict>
		<key>893A8C951D004E5100748B4E</key>
		<dict>
			<key>fileRef</key>
			<string>893A8C931D004E5100748B4E</string>
			<key>isa</key>
			<string>PBXBuildFile</string>
		</dict>
		<key>893A8C961D004E5100748B4E</key>
		<dict>
			<key>children</key>
			<array>
				<string>893A8C971D004E5100748B4E</string>
			</array>
			<key>currentVersion</key>
			<string>893A8C971D004E5100748B4E</string>
			<key>isa</key>
			<string>XCVersionGroup</string>
			<key>path</key>
			<string>quiz.xcdatamodeld</string>
			<key>sourceTree</key>
			<string>&lt;group&gt;</string>
			<key>versionGroupType</key>
			<string>wrapper.xcdatamodel</string>
		</dict>
		<key>893A8C971D004E5100748B4E</key>
		<dict>
			<key>isa</key>
			<string>PBXFileReference</string>
			<key>lastKnownFileType</key>
			<string>wrapper.xcdatamodel</string>
			<key>path</key>
			<string>quiz.xcdatamodel</string>
			<key>sourceTree</key>
			<string>&lt;group&gt;</string>
		</dict>
		<key>893A8C981D004E5100748B4E</key>
		<dict>
			<key>fileRef</key>
			<string>893A8C961D004E5100748B4E</string>
			<key>isa</key>
			<string>PBXBuildFile</string>
		</dict>
		<key>893A8C991D004E5100748B4E</key>
		<dict>
			<key>isa</key>
			<string>PBXFileReference</string>
			<key>lastKnownFileType</key>
			<string>folder.assetcatalog</string>
			<key>path</key>
			<string>Assets.xcassets</string>
			<key>sourceTree</key>
			<string>&lt;group&gt;</string>
		</dict>
		<key>893A8C9A1D004E5100748B4E</key>
		<dict>
			<key>fileRef</key>
			<string>893A8C991D004E5100748B4E</string>
			<key>isa</key>
			<string>PBXBuildFile</string>
		</dict>
		<key>893A8C9B1D004E5100748B4E</key>
		<dict>
			<key>children</key>
			<array>
				<string>893A8C9C1D004E5100748B4E</string>
			</array>
			<key>isa</key>
			<string>PBXVariantGroup</string>
			<key>name</key>
			<string>LaunchScreen.storyboard</string>
			<key>path</key>
			<string>.</string>
			<key>sourceTree</key>
			<string>&lt;group&gt;</string>
		</dict>
		<key>893A8C9C1D004E5100748B4E</key>
		<dict>
			<key>isa</key>
			<string>PBXFileReference</string>
			<key>lastKnownFileType</key>
			<string>file.storyboard</string>
			<key>name</key>
			<string>Base</string>
			<key>path</key>
			<string>Base.lproj/LaunchScreen.storyboard</string>
			<key>sourceTree</key>
			<string>&lt;group&gt;</string>
		</dict>
		<key>893A8C9D1D004E5100748B4E</key>
		<dict>
			<key>fileRef</key>
			<string>893A8C9B1D004E5100748B4E</string>
			<key>isa</key>
			<string>PBXBuildFile</string>
		</dict>
		<key>893A8C9E1D004E5100748B4E</key>
		<dict>
			<key>isa</key>
			<string>PBXFileReference</string>
			<key>lastKnownFileType</key>
			<string>text.plist.xml</string>
			<key>path</key>
			<string>Info.plist</string>
			<key>sourceTree</key>
			<string>&lt;group&gt;</string>
		</dict>
		<key>893A8C9F1D004E5100748B4E</key>
		<dict>
			<key>buildActionMask</key>
			<string>2147483647</string>
			<key>files</key>
			<array>
				<string>893A8CA81D004E5100748B4E</string>
			</array>
			<key>isa</key>
			<string>PBXSourcesBuildPhase</string>
			<key>runOnlyForDeploymentPostprocessing</key>
			<string>0</string>
		</dict>
		<key>893A8CA01D004E5100748B4E</key>
		<dict>
			<key>buildActionMask</key>
			<string>2147483647</string>
			<key>files</key>
			<array/>
			<key>isa</key>
			<string>PBXFrameworksBuildPhase</string>
			<key>runOnlyForDeploymentPostprocessing</key>
			<string>0</string>
		</dict>
		<key>893A8CA11D004E5100748B4E</key>
		<dict>
			<key>buildActionMask</key>
			<string>2147483647</string>
			<key>files</key>
			<array/>
			<key>isa</key>
			<string>PBXResourcesBuildPhase</string>
			<key>runOnlyForDeploymentPostprocessing</key>
			<string>0</string>
		</dict>
		<key>893A8CA21D004E5100748B4E</key>
		<dict>
			<key>buildConfigurationList</key>
			<string>893A8CAF1D004E5100748B4E</string>
			<key>buildPhases</key>
			<array>
				<string>893A8C9F1D004E5100748B4E</string>
				<string>893A8CA01D004E5100748B4E</string>
				<string>893A8CA11D004E5100748B4E</string>
			</array>
			<key>buildRules</key>
			<array/>
			<key>dependencies</key>
			<array>
				<string>893A8CA51D004E5100748B4E</string>
			</array>
			<key>isa</key>
			<string>PBXNativeTarget</string>
			<key>name</key>
			<string>quizUITests</string>
			<key>productName</key>
			<string>quizUITests</string>
			<key>productReference</key>
			<string>893A8CA31D004E5100748B4E</string>
			<key>productType</key>
			<string>com.apple.product-type.bundle.ui-testing</string>
		</dict>
		<key>893A8CA31D004E5100748B4E</key>
		<dict>
			<key>explicitFileType</key>
			<string>wrapper.cfbundle</string>
			<key>includeInIndex</key>
			<string>0</string>
			<key>isa</key>
			<string>PBXFileReference</string>
			<key>path</key>
			<string>quizUITests.xctest</string>
			<key>sourceTree</key>
			<string>BUILT_PRODUCTS_DIR</string>
		</dict>
		<key>893A8CA41D004E5100748B4E</key>
		<dict>
			<key>containerPortal</key>
			<string>893A8C841D004E5100748B4E</string>
			<key>isa</key>
			<string>PBXContainerItemProxy</string>
			<key>proxyType</key>
			<string>1</string>
			<key>remoteGlobalIDString</key>
			<string>893A8C8B1D004E5100748B4E</string>
			<key>remoteInfo</key>
			<string>quiz</string>
		</dict>
		<key>893A8CA51D004E5100748B4E</key>
		<dict>
			<key>isa</key>
			<string>PBXTargetDependency</string>
			<key>target</key>
			<string>893A8C8B1D004E5100748B4E</string>
			<key>targetProxy</key>
			<string>893A8CA41D004E5100748B4E</string>
		</dict>
		<key>893A8CA61D004E5100748B4E</key>
		<dict>
			<key>children</key>
			<array>
				<string>893A8CA91D004E5100748B4E</string>
				<string>893A8CA71D004E5100748B4E</string>
			</array>
			<key>isa</key>
			<string>PBXGroup</string>
			<key>path</key>
			<string>quizUITests</string>
			<key>sourceTree</key>
			<string>&lt;group&gt;</string>
		</dict>
		<key>893A8CA71D004E5100748B4E</key>
		<dict>
			<key>isa</key>
			<string>PBXFileReference</string>
			<key>lastKnownFileType</key>
			<string>sourcecode.swift</string>
			<key>path</key>
			<string>quizUITests.swift</string>
			<key>sourceTree</key>
			<string>&lt;group&gt;</string>
		</dict>
		<key>893A8CA81D004E5100748B4E</key>
		<dict>
			<key>fileRef</key>
			<string>893A8CA71D004E5100748B4E</string>
			<key>isa</key>
			<string>PBXBuildFile</string>
		</dict>
		<key>893A8CA91D004E5100748B4E</key>
		<dict>
			<key>isa</key>
			<string>PBXFileReference</string>
			<key>lastKnownFileType</key>
			<string>text.plist.xml</string>
			<key>path</key>
			<string>Info.plist</string>
			<key>sourceTree</key>
			<string>&lt;group&gt;</string>
		</dict>
		<key>893A8CAA1D004E5100748B4E</key>
		<dict>
			<key>buildSettings</key>
			<dict>
				<key>ALWAYS_SEARCH_USER_PATHS</key>
				<string>NO</string>
				<key>CLANG_ANALYZER_NONNULL</key>
				<string>YES</string>
				<key>CLANG_CXX_LANGUAGE_STANDARD</key>
				<string>gnu++0x</string>
				<key>CLANG_CXX_LIBRARY</key>
				<string>libc++</string>
				<key>CLANG_ENABLE_MODULES</key>
				<string>YES</string>
				<key>CLANG_ENABLE_OBJC_ARC</key>
				<string>YES</string>
				<key>CLANG_WARN_BOOL_CONVERSION</key>
				<string>YES</string>
				<key>CLANG_WARN_CONSTANT_CONVERSION</key>
				<string>YES</string>
				<key>CLANG_WARN_DIRECT_OBJC_ISA_USAGE</key>
				<string>YES_ERROR</string>
				<key>CLANG_WARN_EMPTY_BODY</key>
				<string>YES</string>
				<key>CLANG_WARN_ENUM_CONVERSION</key>
				<string>YES</string>
				<key>CLANG_WARN_INT_CONVERSION</key>
				<string>YES</string>
				<key>CLANG_WARN_OBJC_ROOT_CLASS</key>
				<string>YES_ERROR</string>
				<key>CLANG_WARN_UNREACHABLE_CODE</key>
				<string>YES</string>
				<key>CLANG_WARN__DUPLICATE_METHOD_MATCH</key>
				<string>YES</string>
				<key>CODE_SIGN_IDENTITY[sdk=iphoneos*]</key>
				<string>iPhone Developer</string>
				<key>COPY_PHASE_STRIP</key>
				<string>NO</string>
				<key>DEBUG_INFORMATION_FORMAT</key>
				<string>dwarf</string>
				<key>ENABLE_STRICT_OBJC_MSGSEND</key>
				<string>YES</string>
				<key>ENABLE_TESTABILITY</key>
				<string>YES</string>
				<key>GCC_C_LANGUAGE_STANDARD</key>
				<string>gnu99</string>
				<key>GCC_DYNAMIC_NO_PIC</key>
				<string>NO</string>
				<key>GCC_NO_COMMON_BLOCKS</key>
				<string>YES</string>
				<key>GCC_OPTIMIZATION_LEVEL</key>
				<string>0</string>
				<key>GCC_PREPROCESSOR_DEFINITIONS</key>
				<array>
					<string>DEBUG=1</string>
					<string>$(inherited)</string>
				</array>
				<key>GCC_WARN_64_TO_32_BIT_CONVERSION</key>
				<string>YES</string>
				<key>GCC_WARN_ABOUT_RETURN_TYPE</key>
				<string>YES_ERROR</string>
				<key>GCC_WARN_UNDECLARED_SELECTOR</key>
				<string>YES</string>
				<key>GCC_WARN_UNINITIALIZED_AUTOS</key>
				<string>YES_AGGRESSIVE</string>
				<key>GCC_WARN_UNUSED_FUNCTION</key>
				<string>YES</string>
				<key>GCC_WARN_UNUSED_VARIABLE</key>
				<string>YES</string>
				<key>IPHONEOS_DEPLOYMENT_TARGET</key>
				<string>9.3</string>
				<key>MTL_ENABLE_DEBUG_INFO</key>
				<string>YES</string>
				<key>ONLY_ACTIVE_ARCH</key>
				<string>YES</string>
				<key>SDKROOT</key>
				<string>iphoneos</string>
				<key>SWIFT_OPTIMIZATION_LEVEL</key>
				<string>-Onone</string>
				<key>TARGETED_DEVICE_FAMILY</key>
				<string>1,2</string>
			</dict>
			<key>isa</key>
			<string>XCBuildConfiguration</string>
			<key>name</key>
			<string>Debug</string>
		</dict>
		<key>893A8CAB1D004E5100748B4E</key>
		<dict>
			<key>buildSettings</key>
			<dict>
				<key>ALWAYS_SEARCH_USER_PATHS</key>
				<string>NO</string>
				<key>CLANG_ANALYZER_NONNULL</key>
				<string>YES</string>
				<key>CLANG_CXX_LANGUAGE_STANDARD</key>
				<string>gnu++0x</string>
				<key>CLANG_CXX_LIBRARY</key>
				<string>libc++</string>
				<key>CLANG_ENABLE_MODULES</key>
				<string>YES</string>
				<key>CLANG_ENABLE_OBJC_ARC</key>
				<string>YES</string>
				<key>CLANG_WARN_BOOL_CONVERSION</key>
				<string>YES</string>
				<key>CLANG_WARN_CONSTANT_CONVERSION</key>
				<string>YES</string>
				<key>CLANG_WARN_DIRECT_OBJC_ISA_USAGE</key>
				<string>YES_ERROR</string>
				<key>CLANG_WARN_EMPTY_BODY</key>
				<string>YES</string>
				<key>CLANG_WARN_ENUM_CONVERSION</key>
				<string>YES</string>
				<key>CLANG_WARN_INT_CONVERSION</key>
				<string>YES</string>
				<key>CLANG_WARN_OBJC_ROOT_CLASS</key>
				<string>YES_ERROR</string>
				<key>CLANG_WARN_UNREACHABLE_CODE</key>
				<string>YES</string>
				<key>CLANG_WARN__DUPLICATE_METHOD_MATCH</key>
				<string>YES</string>
				<key>CODE_SIGN_IDENTITY[sdk=iphoneos*]</key>
				<string>iPhone Developer</string>
				<key>COPY_PHASE_STRIP</key>
				<string>NO</string>
				<key>DEBUG_INFORMATION_FORMAT</key>
				<string>dwarf-with-dsym</string>
				<key>ENABLE_NS_ASSERTIONS</key>
				<string>NO</string>
				<key>ENABLE_STRICT_OBJC_MSGSEND</key>
				<string>YES</string>
				<key>GCC_C_LANGUAGE_STANDARD</key>
				<string>gnu99</string>
				<key>GCC_NO_COMMON_BLOCKS</key>
				<string>YES</string>
				<key>GCC_WARN_64_TO_32_BIT_CONVERSION</key>
				<string>YES</string>
				<key>GCC_WARN_ABOUT_RETURN_TYPE</key>
				<string>YES_ERROR</string>
				<key>GCC_WARN_UNDECLARED_SELECTOR</key>
				<string>YES</string>
				<key>GCC_WARN_UNINITIALIZED_AUTOS</key>
				<string>YES_AGGRESSIVE</string>
				<key>GCC_WARN_UNUSED_FUNCTION</key>
				<string>YES</string>
				<key>GCC_WARN_UNUSED_VARIABLE</key>
				<string>YES</string>
				<key>IPHONEOS_DEPLOYMENT_TARGET</key>
				<string>9.3</string>
				<key>MTL_ENABLE_DEBUG_INFO</key>
				<string>NO</string>
				<key>SDKROOT</key>
				<string>iphoneos</string>
				<key>TARGETED_DEVICE_FAMILY</key>
				<string>1,2</string>
				<key>VALIDATE_PRODUCT</key>
				<string>YES</string>
			</dict>
			<key>isa</key>
			<string>XCBuildConfiguration</string>
			<key>name</key>
			<string>Release</string>
		</dict>
		<key>893A8CAC1D004E5100748B4E</key>
		<dict>
			<key>buildConfigurations</key>
			<array>
				<string>893A8CAD1D004E5100748B4E</string>
				<string>893A8CAE1D004E5100748B4E</string>
			</array>
			<key>defaultConfigurationIsVisible</key>
			<string>0</string>
			<key>defaultConfigurationName</key>
			<string>Release</string>
			<key>isa</key>
			<string>XCConfigurationList</string>
		</dict>
		<key>893A8CAD1D004E5100748B4E</key>
		<dict>
			<key>buildSettings</key>
			<dict>
				<key>ASSETCATALOG_COMPILER_APPICON_NAME</key>
				<string>AppIcon</string>
				<key>INFOPLIST_FILE</key>
				<string>quiz/Info.plist</string>
				<key>LD_RUNPATH_SEARCH_PATHS</key>
				<string>$(inherited) @executable_path/Frameworks</string>
				<key>PRODUCT_BUNDLE_IDENTIFIER</key>
				<string>com.company.quiz.quiz</string>
				<key>PRODUCT_NAME</key>
				<string>$(TARGET_NAME)</string>
				<key>SWIFT_OBJC_BRIDGING_HEADER</key>
				<string>$(SRCROOT)/quiz-Bridging-Header.h</string>
			</dict>
			<key>isa</key>
			<string>XCBuildConfiguration</string>
			<key>name</key>
			<string>Debug</string>
		</dict>
		<key>893A8CAE1D004E5100748B4E</key>
		<dict>
			<key>buildSettings</key>
			<dict>
				<key>ASSETCATALOG_COMPILER_APPICON_NAME</key>
				<string>AppIcon</string>
				<key>INFOPLIST_FILE</key>
				<string>quiz/Info.plist</string>
				<key>LD_RUNPATH_SEARCH_PATHS</key>
				<string>$(inherited) @executable_path/Frameworks</string>
				<key>PRODUCT_BUNDLE_IDENTIFIER</key>
				<string>com.company.quiz.quiz</string>
				<key>PRODUCT_NAME</key>
				<string>$(TARGET_NAME)</string>
				<key>SWIFT_OBJC_BRIDGING_HEADER</key>
				<string>$(SRCROOT)/quiz-Bridging-Header.h</string>
			</dict>
			<key>isa</key>
			<string>XCBuildConfiguration</string>
			<key>name</key>
			<string>Release</string>
		</dict>
		<key>893A8CAF1D004E5100748B4E</key>
		<dict>
			<key>buildConfigurations</key>
			<array>
				<string>893A8CB01D004E5100748B4E</string>
				<string>893A8CB11D004E5100748B4E</string>
			</array>
			<key>defaultConfigurationIsVisible</key>
			<string>0</string>
			<key>defaultConfigurationName</key>
			<string>Release</string>
			<key>isa</key>
			<string>XCConfigurationList</string>
		</dict>
		<key>893A8CB01D004E5100748B4E</key>
		<dict>
			<key>buildSettings</key>
			<dict>
				<key>INFOPLIST_FILE</key>
				<string>quizUITests/Info.plist</string>
				<key>LD_RUNPATH_SEARCH_PATHS</key>
				<string>$(inherited) @executable_path/Frameworks @loader_path/Frameworks</string>
				<key>PRODUCT_BUNDLE_IDENTIFIER</key>
				<string>com.company.quiz.quizUITests</string>
				<key>PRODUCT_NAME</key>
				<string>$(TARGET_NAME)</string>
				<key>TEST_TARGET_NAME</key>
				<string>quiz</string>
			</dict>
			<key>isa</key>
			<string>XCBuildConfiguration</string>
			<key>name</key>
			<string>Debug</string>
		</dict>
		<key>893A8CB11D004E5100748B4E</key>
		<dict>
			<key>buildSettings</key>
			<dict>
				<key>INFOPLIST_FILE</key>
				<string>quizUITests/Info.plist</string>
				<key>LD_RUNPATH_SEARCH_PATHS</key>
				<string>$(inherited) @executable_path/Frameworks @loader_path/Frameworks</string>
				<key>PRODUCT_BUNDLE_IDENTIFIER</key>
				<string>com.company.quiz.quizUITests</string>
				<key>PRODUCT_NAME</key>
				<string>$(TARGET_NAME)</string>
				<key>TEST_TARGET_NAME</key>
				<string>quiz</string>
			</dict>
			<key>isa</key>
			<string>XCBuildConfiguration</string>
			<key>name</key>
			<string>Release</string>
		</dict>
		<key>893A8CB21D0063BF00748B4E</key>
		<dict>
			<key>fileEncoding</key>
			<string>4</string>
			<key>isa</key>
			<string>PBXFileReference</string>
			<key>lastKnownFileType</key>
			<string>sourcecode.swift</string>
			<key>name</key>
			<string>DownloadManager.swift</string>
			<key>path</key>
			<string>DownloadManager.swift</string>
			<key>sourceTree</key>
			<string>&lt;group&gt;</string>
		</dict>
		<key>893A8CB31D0063BF00748B4E</key>
		<dict>
			<key>fileRef</key>
			<string>893A8CB21D0063BF00748B4E</string>
			<key>isa</key>
			<string>PBXBuildFile</string>
		</dict>
		<key>89406CAF1D043106007E20C2</key>
		<dict>
			<key>children</key>
			<array>
				<string>89406CB01D04311C007E20C2</string>
			</array>
			<key>isa</key>
			<string>PBXGroup</string>
			<key>name</key>
			<string>libraries</string>
			<key>path</key>
			<string>libraries</string>
			<key>sourceTree</key>
			<string>&lt;group&gt;</string>
		</dict>
		<key>89406CB01D04311C007E20C2</key>
		<dict>
			<key>children</key>
			<array>
				<string>89406CB11D04311C007E20C2</string>
				<string>89406CB21D04311C007E20C2</string>
				<string>89406CB31D04311C007E20C2</string>
				<string>89406CB41D04311C007E20C2</string>
				<string>89406CB51D04311C007E20C2</string>
				<string>89406CB61D04311C007E20C2</string>
				<string>89406CB71D04311C007E20C2</string>
				<string>89406CB81D04311C007E20C2</string>
				<string>89406CB91D04311C007E20C2</string>
				<string>89406CBA1D04311C007E20C2</string>
				<string>89406CBB1D04311C007E20C2</string>
				<string>89406CBC1D04311C007E20C2</string>
				<string>89406CBD1D04311C007E20C2</string>
				<string>89406CBE1D04311C007E20C2</string>
				<string>89406CBF1D04311C007E20C2</string>
				<string>89406CC01D04311C007E20C2</string>
				<string>89406CC11D04311C007E20C2</string>
				<string>89406CC21D04311C007E20C2</string>
				<string>89406CC31D04311C007E20C2</string>
				<string>89406CC41D04311C007E20C2</string>
				<string>89406CC51D04311C007E20C2</string>
				<string>89406CC61D04311C007E20C2</string>
				<string>89406CC71D04311C007E20C2</string>
				<string>89406CC81D04311C007E20C2</string>
				<string>89406CC91D04311C007E20C2</string>
				<string>89406CCA1D04311C007E20C2</string>
				<string>89406CCB1D04311C007E20C2</string>
				<string>89406CCC1D04311C007E20C2</string>
				<string>89406CCD1D04311C007E20C2</string>
				<string>89406CCE1D04311C007E20C2</string>
				<string>89406CCF1D04311C007E20C2</string>
				<string>89406CD01D04311C007E20C2</string>
				<string>89406CD11D04311C007E20C2</string>
			</array>
			<key>isa</key>
			<string>PBXGroup</string>
			<key>path</key>
			<string>SDWebImage</string>
			<key>sourceTree</key>
			<string>&lt;group&gt;</string>
		</dict>
		<key>89406CB11D04311C007E20C2</key>
		<dict>
			<key>fileEncoding</key>
			<string>4</string>
			<key>isa</key>
			<string>PBXFileReference</string>
			<key>lastKnownFileType</key>
			<string>sourcecode.c.h</string>
			<key>path</key>
			<string>MKAnnotationView+WebCache.h</string>
			<key>sourceTree</key>
			<string>&lt;group&gt;</string>
		</dict>
		<key>89406CB21D04311C007E20C2</key>
		<dict>
			<key>fileEncoding</key>
			<string>4</string>
			<key>isa</key>
			<string>PBXFileReference</string>
			<key>lastKnownFileType</key>
			<string>sourcecode.c.objc</string>
			<key>path</key>
			<string>MKAnnotationView+WebCache.m</string>
			<key>sourceTree</key>
			<string>&lt;group&gt;</string>
		</dict>
		<key>89406CB31D04311C007E20C2</key>
		<dict>
			<key>fileEncoding</key>
			<string>4</string>
			<key>isa</key>
			<string>PBXFileReference</string>
			<key>lastKnownFileType</key>
			<string>sourcecode.c.h</string>
			<key>path</key>
			<string>NSData+ImageContentType.h</string>
			<key>sourceTree</key>
			<string>&lt;group&gt;</string>
		</dict>
		<key>89406CB41D04311C007E20C2</key>
		<dict>
			<key>fileEncoding</key>
			<string>4</string>
			<key>isa</key>
			<string>PBXFileReference</string>
			<key>lastKnownFileType</key>
			<string>sourcecode.c.objc</string>
			<key>path</key>
			<string>NSData+ImageContentType.m</string>
			<key>sourceTree</key>
			<string>&lt;group&gt;</string>
		</dict>
		<key>89406CB51D04311C007E20C2</key>
		<dict>
			<key>fileEncoding</key>
			<string>4</string>
			<key>isa</key>
			<string>PBXFileReference</string>
			<key>lastKnownFileType</key>
			<string>sourcecode.c.h</string>
			<key>path</key>
			<string>SDImageCache.h</string>
			<key>sourceTree</key>
			<string>&lt;group&gt;</string>
		</dict>
		<key>89406CB61D04311C007E20C2</key>
		<dict>
			<key>fileEncoding</key>
			<string>4</string>
			<key>isa</key>
			<string>PBXFileReference</string>
			<key>lastKnownFileType</key>
			<string>sourcecode.c.objc</string>
			<key>path</key>
			<string>SDImageCache.m</string>
			<key>sourceTree</key>
			<string>&lt;group&gt;</string>
		</dict>
		<key>89406CB71D04311C007E20C2</key>
		<dict>
			<key>fileEncoding</key>
			<string>4</string>
			<key>isa</key>
			<string>PBXFileReference</string>
			<key>lastKnownFileType</key>
			<string>sourcecode.c.h</string>
			<key>path</key>
			<string>SDWebImageCompat.h</string>
			<key>sourceTree</key>
			<string>&lt;group&gt;</string>
		</dict>
		<key>89406CB81D04311C007E20C2</key>
		<dict>
			<key>fileEncoding</key>
			<string>4</string>
			<key>isa</key>
			<string>PBXFileReference</string>
			<key>lastKnownFileType</key>
			<string>sourcecode.c.objc</string>
			<key>path</key>
			<string>SDWebImageCompat.m</string>
			<key>sourceTree</key>
			<string>&lt;group&gt;</string>
		</dict>
		<key>89406CB91D04311C007E20C2</key>
		<dict>
			<key>fileEncoding</key>
			<string>4</string>
			<key>isa</key>
			<string>PBXFileReference</string>
			<key>lastKnownFileType</key>
			<string>sourcecode.c.h</string>
			<key>path</key>
			<string>SDWebImageDecoder.h</string>
			<key>sourceTree</key>
			<string>&lt;group&gt;</string>
		</dict>
		<key>89406CBA1D04311C007E20C2</key>
		<dict>
			<key>fileEncoding</key>
			<string>4</string>
			<key>isa</key>
			<string>PBXFileReference</string>
			<key>lastKnownFileType</key>
			<string>sourcecode.c.objc</string>
			<key>path</key>
			<string>SDWebImageDecoder.m</string>
			<key>sourceTree</key>
			<string>&lt;group&gt;</string>
		</dict>
		<key>89406CBB1D04311C007E20C2</key>
		<dict>
			<key>fileEncoding</key>
			<string>4</string>
			<key>isa</key>
			<string>PBXFileReference</string>
			<key>lastKnownFileType</key>
			<string>sourcecode.c.h</string>
			<key>path</key>
			<string>SDWebImageDownloader.h</string>
			<key>sourceTree</key>
			<string>&lt;group&gt;</string>
		</dict>
		<key>89406CBC1D04311C007E20C2</key>
		<dict>
			<key>fileEncoding</key>
			<string>4</string>
			<key>isa</key>
			<string>PBXFileReference</string>
			<key>lastKnownFileType</key>
			<string>sourcecode.c.objc</string>
			<key>path</key>
			<string>SDWebImageDownloader.m</string>
			<key>sourceTree</key>
			<string>&lt;group&gt;</string>
		</dict>
		<key>89406CBD1D04311C007E20C2</key>
		<dict>
			<key>fileEncoding</key>
			<string>4</string>
			<key>isa</key>
			<string>PBXFileReference</string>
			<key>lastKnownFileType</key>
			<string>sourcecode.c.h</string>
			<key>path</key>
			<string>SDWebImageDownloaderOperation.h</string>
			<key>sourceTree</key>
			<string>&lt;group&gt;</string>
		</dict>
		<key>89406CBE1D04311C007E20C2</key>
		<dict>
			<key>fileEncoding</key>
			<string>4</string>
			<key>isa</key>
			<string>PBXFileReference</string>
			<key>lastKnownFileType</key>
			<string>sourcecode.c.objc</string>
			<key>path</key>
			<string>SDWebImageDownloaderOperation.m</string>
			<key>sourceTree</key>
			<string>&lt;group&gt;</string>
		</dict>
		<key>89406CBF1D04311C007E20C2</key>
		<dict>
			<key>fileEncoding</key>
			<string>4</string>
			<key>isa</key>
			<string>PBXFileReference</string>
			<key>lastKnownFileType</key>
			<string>sourcecode.c.h</string>
			<key>path</key>
			<string>SDWebImageManager.h</string>
			<key>sourceTree</key>
			<string>&lt;group&gt;</string>
		</dict>
		<key>89406CC01D04311C007E20C2</key>
		<dict>
			<key>fileEncoding</key>
			<string>4</string>
			<key>isa</key>
			<string>PBXFileReference</string>
			<key>lastKnownFileType</key>
			<string>sourcecode.c.objc</string>
			<key>path</key>
			<string>SDWebImageManager.m</string>
			<key>sourceTree</key>
			<string>&lt;group&gt;</string>
		</dict>
		<key>89406CC11D04311C007E20C2</key>
		<dict>
			<key>fileEncoding</key>
			<string>4</string>
			<key>isa</key>
			<string>PBXFileReference</string>
			<key>lastKnownFileType</key>
			<string>sourcecode.c.h</string>
			<key>path</key>
			<string>SDWebImageOperation.h</string>
			<key>sourceTree</key>
			<string>&lt;group&gt;</string>
		</dict>
		<key>89406CC21D04311C007E20C2</key>
		<dict>
			<key>fileEncoding</key>
			<string>4</string>
			<key>isa</key>
			<string>PBXFileReference</string>
			<key>lastKnownFileType</key>
			<string>sourcecode.c.h</string>
			<key>path</key>
			<string>SDWebImagePrefetcher.h</string>
			<key>sourceTree</key>
			<string>&lt;group&gt;</string>
		</dict>
		<key>89406CC31D04311C007E20C2</key>
		<dict>
			<key>fileEncoding</key>
			<string>4</string>
			<key>isa</key>
			<string>PBXFileReference</string>
			<key>lastKnownFileType</key>
			<string>sourcecode.c.objc</string>
			<key>path</key>
			<string>SDWebImagePrefetcher.m</string>
			<key>sourceTree</key>
			<string>&lt;group&gt;</string>
		</dict>
		<key>89406CC41D04311C007E20C2</key>
		<dict>
			<key>fileEncoding</key>
			<string>4</string>
			<key>isa</key>
			<string>PBXFileReference</string>
			<key>lastKnownFileType</key>
			<string>sourcecode.c.h</string>
			<key>path</key>
			<string>UIButton+WebCache.h</string>
			<key>sourceTree</key>
			<string>&lt;group&gt;</string>
		</dict>
		<key>89406CC51D04311C007E20C2</key>
		<dict>
			<key>fileEncoding</key>
			<string>4</string>
			<key>isa</key>
			<string>PBXFileReference</string>
			<key>lastKnownFileType</key>
			<string>sourcecode.c.objc</string>
			<key>path</key>
			<string>UIButton+WebCache.m</string>
			<key>sourceTree</key>
			<string>&lt;group&gt;</string>
		</dict>
		<key>89406CC61D04311C007E20C2</key>
		<dict>
			<key>fileEncoding</key>
			<string>4</string>
			<key>isa</key>
			<string>PBXFileReference</string>
			<key>lastKnownFileType</key>
			<string>sourcecode.c.h</string>
			<key>path</key>
			<string>UIImage+GIF.h</string>
			<key>sourceTree</key>
			<string>&lt;group&gt;</string>
		</dict>
		<key>89406CC71D04311C007E20C2</key>
		<dict>
			<key>fileEncoding</key>
			<string>4</string>
			<key>isa</key>
			<string>PBXFileReference</string>
			<key>lastKnownFileType</key>
			<string>sourcecode.c.objc</string>
			<key>path</key>
			<string>UIImage+GIF.m</string>
			<key>sourceTree</key>
			<string>&lt;group&gt;</string>
		</dict>
		<key>89406CC81D04311C007E20C2</key>
		<dict>
			<key>fileEncoding</key>
			<string>4</string>
			<key>isa</key>
			<string>PBXFileReference</string>
			<key>lastKnownFileType</key>
			<string>sourcecode.c.h</string>
			<key>path</key>
			<string>UIImage+MultiFormat.h</string>
			<key>sourceTree</key>
			<string>&lt;group&gt;</string>
		</dict>
		<key>89406CC91D04311C007E20C2</key>
		<dict>
			<key>fileEncoding</key>
			<string>4</string>
			<key>isa</key>
			<string>PBXFileReference</string>
			<key>lastKnownFileType</key>
			<string>sourcecode.c.objc</string>
			<key>path</key>
			<string>UIImage+MultiFormat.m</string>
			<key>sourceTree</key>
			<string>&lt;group&gt;</string>
		</dict>
		<key>89406CCA1D04311C007E20C2</key>
		<dict>
			<key>fileEncoding</key>
			<string>4</string>
			<key>isa</key>
			<string>PBXFileReference</string>
			<key>lastKnownFileType</key>
			<string>sourcecode.c.h</string>
			<key>path</key>
			<string>UIImage+WebP.h</string>
			<key>sourceTree</key>
			<string>&lt;group&gt;</string>
		</dict>
		<key>89406CCB1D04311C007E20C2</key>
		<dict>
			<key>fileEncoding</key>
			<string>4</string>
			<key>isa</key>
			<string>PBXFileReference</string>
			<key>lastKnownFileType</key>
			<string>sourcecode.c.objc</string>
			<key>path</key>
			<string>UIImage+WebP.m</string>
			<key>sourceTree</key>
			<string>&lt;group&gt;</string>
		</dict>
		<key>89406CCC1D04311C007E20C2</key>
		<dict>
			<key>fileEncoding</key>
			<string>4</string>
			<key>isa</key>
			<string>PBXFileReference</string>
			<key>lastKnownFileType</key>
			<string>sourcecode.c.h</string>
			<key>path</key>
			<string>UIImageView+HighlightedWebCache.h</string>
			<key>sourceTree</key>
			<string>&lt;group&gt;</string>
		</dict>
		<key>89406CCD1D04311C007E20C2</key>
		<dict>
			<key>fileEncoding</key>
			<string>4</string>
			<key>isa</key>
			<string>PBXFileReference</string>
			<key>lastKnownFileType</key>
			<string>sourcecode.c.objc</string>
			<key>path</key>
			<string>UIImageView+HighlightedWebCache.m</string>
			<key>sourceTree</key>
			<string>&lt;group&gt;</string>
		</dict>
		<key>89406CCE1D04311C007E20C2</key>
		<dict>
			<key>fileEncoding</key>
			<string>4</string>
			<key>isa</key>
			<string>PBXFileReference</string>
			<key>lastKnownFileType</key>
			<string>sourcecode.c.h</string>
			<key>path</key>
			<string>UIImageView+WebCache.h</string>
			<key>sourceTree</key>
			<string>&lt;group&gt;</string>
		</dict>
		<key>89406CCF1D04311C007E20C2</key>
		<dict>
			<key>fileEncoding</key>
			<string>4</string>
			<key>isa</key>
			<string>PBXFileReference</string>
			<key>lastKnownFileType</key>
			<string>sourcecode.c.objc</string>
			<key>path</key>
			<string>UIImageView+WebCache.m</string>
			<key>sourceTree</key>
			<string>&lt;group&gt;</string>
		</dict>
		<key>89406CD01D04311C007E20C2</key>
		<dict>
			<key>fileEncoding</key>
			<string>4</string>
			<key>isa</key>
			<string>PBXFileReference</string>
			<key>lastKnownFileType</key>
			<string>sourcecode.c.h</string>
			<key>path</key>
			<string>UIView+WebCacheOperation.h</string>
			<key>sourceTree</key>
			<string>&lt;group&gt;</string>
		</dict>
		<key>89406CD11D04311C007E20C2</key>
		<dict>
			<key>fileEncoding</key>
			<string>4</string>
			<key>isa</key>
			<string>PBXFileReference</string>
			<key>lastKnownFileType</key>
			<string>sourcecode.c.objc</string>
			<key>path</key>
			<string>UIView+WebCacheOperation.m</string>
			<key>sourceTree</key>
			<string>&lt;group&gt;</string>
		</dict>
		<key>89406CD21D04311C007E20C2</key>
		<dict>
			<key>fileRef</key>
			<string>89406CB21D04311C007E20C2</string>
			<key>isa</key>
			<string>PBXBuildFile</string>
		</dict>
		<key>89406CD31D04311C007E20C2</key>
		<dict>
			<key>fileRef</key>
			<string>89406CB41D04311C007E20C2</string>
			<key>isa</key>
			<string>PBXBuildFile</string>
		</dict>
		<key>89406CD41D04311C007E20C2</key>
		<dict>
			<key>fileRef</key>
			<string>89406CB61D04311C007E20C2</string>
			<key>isa</key>
			<string>PBXBuildFile</string>
		</dict>
		<key>89406CD51D04311C007E20C2</key>
		<dict>
			<key>fileRef</key>
			<string>89406CB81D04311C007E20C2</string>
			<key>isa</key>
			<string>PBXBuildFile</string>
		</dict>
		<key>89406CD61D04311C007E20C2</key>
		<dict>
			<key>fileRef</key>
			<string>89406CBA1D04311C007E20C2</string>
			<key>isa</key>
			<string>PBXBuildFile</string>
		</dict>
		<key>89406CD71D04311C007E20C2</key>
		<dict>
			<key>fileRef</key>
			<string>89406CBC1D04311C007E20C2</string>
			<key>isa</key>
			<string>PBXBuildFile</string>
		</dict>
		<key>89406CD81D04311C007E20C2</key>
		<dict>
			<key>fileRef</key>
			<string>89406CBE1D04311C007E20C2</string>
			<key>isa</key>
			<string>PBXBuildFile</string>
		</dict>
		<key>89406CD91D04311C007E20C2</key>
		<dict>
			<key>fileRef</key>
			<string>89406CC01D04311C007E20C2</string>
			<key>isa</key>
			<string>PBXBuildFile</string>
		</dict>
		<key>89406CDA1D04311C007E20C2</key>
		<dict>
			<key>fileRef</key>
			<string>89406CC31D04311C007E20C2</string>
			<key>isa</key>
			<string>PBXBuildFile</string>
		</dict>
		<key>89406CDB1D04311C007E20C2</key>
		<dict>
			<key>fileRef</key>
			<string>89406CC51D04311C007E20C2</string>
			<key>isa</key>
			<string>PBXBuildFile</string>
		</dict>
		<key>89406CDC1D04311C007E20C2</key>
		<dict>
			<key>fileRef</key>
			<string>89406CC71D04311C007E20C2</string>
			<key>isa</key>
			<string>PBXBuildFile</string>
		</dict>
		<key>89406CDD1D04311C007E20C2</key>
		<dict>
			<key>fileRef</key>
			<string>89406CC91D04311C007E20C2</string>
			<key>isa</key>
			<string>PBXBuildFile</string>
		</dict>
		<key>89406CDE1D04311C007E20C2</key>
		<dict>
			<key>fileRef</key>
			<string>89406CCB1D04311C007E20C2</string>
			<key>isa</key>
			<string>PBXBuildFile</string>
		</dict>
		<key>89406CDF1D04311C007E20C2</key>
		<dict>
			<key>fileRef</key>
			<string>89406CCD1D04311C007E20C2</string>
			<key>isa</key>
			<string>PBXBuildFile</string>
		</dict>
		<key>89406CE01D04311C007E20C2</key>
		<dict>
			<key>fileRef</key>
			<string>89406CCF1D04311C007E20C2</string>
			<key>isa</key>
			<string>PBXBuildFile</string>
		</dict>
		<key>89406CE11D04311C007E20C2</key>
		<dict>
			<key>fileRef</key>
			<string>89406CD11D04311C007E20C2</string>
			<key>isa</key>
			<string>PBXBuildFile</string>
		</dict>
		<key>89406CE21D0431A1007E20C2</key>
		<dict>
			<key>isa</key>
			<string>PBXFileReference</string>
			<key>lastKnownFileType</key>
			<string>sourcecode.c.h</string>
			<key>path</key>
			<string>quiz-Bridging-Header.h</string>
			<key>sourceTree</key>
			<string>&lt;group&gt;</string>
		</dict>
		<key>89406CE31D0442CA007E20C2</key>
		<dict>
			<key>children</key>
			<array>
				<string>89406CE41D04431F007E20C2</string>
			</array>
			<key>isa</key>
			<string>PBXGroup</string>
			<key>name</key>
			<string>EndOfQuiz</string>
			<key>path</key>
			<string>EndOfQuiz</string>
			<key>sourceTree</key>
			<string>&lt;group&gt;</string>
		</dict>
		<key>89406CE41D04431F007E20C2</key>
		<dict>
			<key>fileEncoding</key>
			<string>4</string>
			<key>isa</key>
			<string>PBXFileReference</string>
			<key>lastKnownFileType</key>
			<string>sourcecode.swift</string>
			<key>path</key>
			<string>EndOfQuizView.swift</string>
			<key>sourceTree</key>
			<string>&lt;group&gt;</string>
		</dict>
		<key>89406CE51D04431F007E20C2</key>
		<dict>
			<key>fileRef</key>
			<string>89406CE41D04431F007E20C2</string>
			<key>isa</key>
			<string>PBXBuildFile</string>
		</dict>
		<key>899F78511D02E37800953018</key>
		<dict>
			<key>fileEncoding</key>
			<string>4</string>
			<key>isa</key>
			<string>PBXFileReference</string>
			<key>lastKnownFileType</key>
			<string>sourcecode.swift</string>
			<key>name</key>
			<string>Answer+CoreDataProperties.swift</string>
			<key>path</key>
			<string>Answer+CoreDataProperties.swift</string>
			<key>sourceTree</key>
			<string>&lt;group&gt;</string>
		</dict>
		<key>899F78521D02E37800953018</key>
		<dict>
			<key>fileEncoding</key>
			<string>4</string>
			<key>isa</key>
			<string>PBXFileReference</string>
			<key>lastKnownFileType</key>
			<string>sourcecode.swift</string>
			<key>name</key>
			<string>Answer.swift</string>
			<key>path</key>
			<string>Answer.swift</string>
			<key>sourceTree</key>
			<string>&lt;group&gt;</string>
		</dict>
		<key>899F78571D02E37800953018</key>
		<dict>
			<key>fileRef</key>
			<string>899F78511D02E37800953018</string>
			<key>isa</key>
			<string>PBXBuildFile</string>
		</dict>
		<key>899F78581D02E37800953018</key>
		<dict>
			<key>fileRef</key>
			<string>899F78521D02E37800953018</string>
			<key>isa</key>
			<string>PBXBuildFile</string>
		</dict>
		<key>899F785B1D02E9AA00953018</key>
		<dict>
			<key>fileEncoding</key>
			<string>4</string>
			<key>isa</key>
			<string>PBXFileReference</string>
			<key>lastKnownFileType</key>
			<string>sourcecode.swift</string>
			<key>name</key>
			<string>QuizInfo.swift</string>
			<key>path</key>
			<string>QuizInfo.swift</string>
			<key>sourceTree</key>
			<string>&lt;group&gt;</string>
		</dict>
		<key>899F785C1D02E9AA00953018</key>
		<dict>
			<key>fileRef</key>
			<string>899F785B1D02E9AA00953018</string>
			<key>isa</key>
			<string>PBXBuildFile</string>
		</dict>
		<key>899F785D1D02F1D000953018</key>
		<dict>
			<key>children</key>
			<array>
				<string>893A8CB21D0063BF00748B4E</string>
				<string>899F785E1D02F1E700953018</string>
			</array>
			<key>isa</key>
			<string>PBXGroup</string>
			<key>name</key>
			<string>API</string>
			<key>path</key>
			<string>API</string>
			<key>sourceTree</key>
			<string>&lt;group&gt;</string>
		</dict>
		<key>899F785E1D02F1E700953018</key>
		<dict>
			<key>fileEncoding</key>
			<string>4</string>
			<key>isa</key>
			<string>PBXFileReference</string>
			<key>lastKnownFileType</key>
			<string>sourcecode.swift</string>
			<key>path</key>
			<string>DownloadManagerProtocol.swift</string>
			<key>sourceTree</key>
			<string>&lt;group&gt;</string>
		</dict>
		<key>899F785F1D02F1E700953018</key>
		<dict>
			<key>fileRef</key>
			<string>899F785E1D02F1E700953018</string>
			<key>isa</key>
			<string>PBXBuildFile</string>
		</dict>
		<key>899F78601D02F25E00953018</key>
		<dict>
			<key>children</key>
			<array>
				<string>899F78511D02E37800953018</string>
				<string>899F78521D02E37800953018</string>
				<string>89CEA8671D0360FC002C763A</string>
				<string>89CEA8631D035F74002C763A</string>
				<string>89CEA8641D035F74002C763A</string>
				<string>89CEA8611D035F1F002C763A</string>
				<string>89CEA8531D033AAA002C763A</string>
				<string>89CEA8541D033AAA002C763A</string>
				<string>899F785B1D02E9AA00953018</string>
			</array>
			<key>isa</key>
			<string>PBXGroup</string>
			<key>name</key>
			<string>Model</string>
			<key>path</key>
			<string>Model</string>
			<key>sourceTree</key>
			<string>&lt;group&gt;</string>
		</dict>
		<key>899F78611D02F27000953018</key>
		<dict>
			<key>children</key>
			<array>
				<string>899F78691D031F0F00953018</string>
				<string>893A8C911D004E5100748B4E</string>
				<string>899F78621D02F2B700953018</string>
				<string>899F78661D030BD500953018</string>
				<string>899F78641D02F2EB00953018</string>
			</array>
			<key>isa</key>
			<string>PBXGroup</string>
			<key>name</key>
			<string>QuizList</string>
			<key>path</key>
			<string>QuizList</string>
			<key>sourceTree</key>
			<string>&lt;group&gt;</string>
		</dict>
		<key>899F78621D02F2B700953018</key>
		<dict>
			<key>fileEncoding</key>
			<string>4</string>
			<key>isa</key>
			<string>PBXFileReference</string>
			<key>lastKnownFileType</key>
			<string>sourcecode.swift</string>
			<key>path</key>
			<string>QuizListDataProvider.swift</string>
			<key>sourceTree</key>
			<string>&lt;group&gt;</string>
		</dict>
		<key>899F78631D02F2B700953018</key>
		<dict>
			<key>fileRef</key>
			<string>899F78621D02F2B700953018</string>
			<key>isa</key>
			<string>PBXBuildFile</string>
		</dict>
		<key>899F78641D02F2EB00953018</key>
		<dict>
			<key>fileEncoding</key>
			<string>4</string>
			<key>isa</key>
			<string>PBXFileReference</string>
			<key>lastKnownFileType</key>
			<string>sourcecode.swift</string>
			<key>path</key>
			<string>QuizListDataProviderProtocol.swift</string>
			<key>sourceTree</key>
			<string>&lt;group&gt;</string>
		</dict>
		<key>899F78651D02F2EB00953018</key>
		<dict>
			<key>fileRef</key>
			<string>899F78641D02F2EB00953018</string>
			<key>isa</key>
			<string>PBXBuildFile</string>
		</dict>
		<key>899F78661D030BD500953018</key>
		<dict>
			<key>fileEncoding</key>
			<string>4</string>
			<key>isa</key>
			<string>PBXFileReference</string>
			<key>lastKnownFileType</key>
			<string>sourcecode.swift</string>
			<key>path</key>
			<string>QuizListDataProviderFailureDelegateProtocol.swift</string>
			<key>sourceTree</key>
			<string>&lt;group&gt;</string>
		</dict>
		<key>899F78671D030BD500953018</key>
		<dict>
			<key>fileRef</key>
			<string>899F78661D030BD500953018</string>
			<key>isa</key>
			<string>PBXBuildFile</string>
		</dict>
		<key>899F78681D031EE800953018</key>
		<dict>
			<key>children</key>
			<array>
				<string>89CEA84D1D0338D4002C763A</string>
				<string>89CEA8571D0344AB002C763A</string>
				<string>89CEA85D1D0346A3002C763A</string>
				<string>89CEA8591D0344BE002C763A</string>
			</array>
			<key>isa</key>
			<string>PBXGroup</string>
			<key>name</key>
			<string>QuizView</string>
			<key>path</key>
			<string>QuizView</string>
			<key>sourceTree</key>
			<string>&lt;group&gt;</string>
		</dict>
		<key>899F78691D031F0F00953018</key>
		<dict>
			<key>fileEncoding</key>
			<string>4</string>
			<key>isa</key>
			<string>PBXFileReference</string>
			<key>lastKnownFileType</key>
			<string>sourcecode.swift</string>
			<key>path</key>
			<string>QuizCell.swift</string>
			<key>sourceTree</key>
			<string>&lt;group&gt;</string>
		</dict>
		<key>899F786A1D031F0F00953018</key>
		<dict>
			<key>fileRef</key>
			<string>899F78691D031F0F00953018</string>
			<key>isa</key>
			<string>PBXBuildFile</string>
		</dict>
		<key>89CEA84D1D0338D4002C763A</key>
		<dict>
			<key>fileEncoding</key>
			<string>4</string>
			<key>isa</key>
			<string>PBXFileReference</string>
			<key>lastKnownFileType</key>
			<string>sourcecode.swift</string>
			<key>path</key>
			<string>QuizViewController.swift</string>
			<key>sourceTree</key>
			<string>&lt;group&gt;</string>
		</dict>
		<key>89CEA84E1D0338D4002C763A</key>
		<dict>
			<key>fileRef</key>
			<string>89CEA84D1D0338D4002C763A</string>
			<key>isa</key>
			<string>PBXBuildFile</string>
		</dict>
		<key>89CEA8531D033AAA002C763A</key>
		<dict>
			<key>fileEncoding</key>
			<string>4</string>
			<key>isa</key>
			<string>PBXFileReference</string>
			<key>lastKnownFileType</key>
			<string>sourcecode.swift</string>
			<key>path</key>
			<string>Quiz+CoreDataProperties.swift</string>
			<key>sourceTree</key>
			<string>&lt;group&gt;</string>
		</dict>
		<key>89CEA8541D033AAA002C763A</key>
		<dict>
			<key>fileEncoding</key>
			<string>4</string>
			<key>isa</key>
			<string>PBXFileReference</string>
			<key>lastKnownFileType</key>
			<string>sourcecode.swift</string>
			<key>path</key>
			<string>Quiz.swift</string>
			<key>sourceTree</key>
			<string>&lt;group&gt;</string>
		</dict>
		<key>89CEA8551D033AAA002C763A</key>
		<dict>
			<key>fileRef</key>
			<string>89CEA8531D033AAA002C763A</string>
			<key>isa</key>
			<string>PBXBuildFile</string>
		</dict>
		<key>89CEA8561D033AAA002C763A</key>
		<dict>
			<key>fileRef</key>
			<string>89CEA8541D033AAA002C763A</string>
			<key>isa</key>
			<string>PBXBuildFile</string>
		</dict>
		<key>89CEA8571D0344AB002C763A</key>
		<dict>
			<key>fileEncoding</key>
			<string>4</string>
			<key>isa</key>
			<string>PBXFileReference</string>
			<key>lastKnownFileType</key>
			<string>sourcecode.swift</string>
			<key>path</key>
			<string>QuizViewDataProvider.swift</string>
			<key>sourceTree</key>
			<string>&lt;group&gt;</string>
		</dict>
		<key>89CEA8581D0344AB002C763A</key>
		<dict>
			<key>fileRef</key>
			<string>89CEA8571D0344AB002C763A</string>
			<key>isa</key>
			<string>PBXBuildFile</string>
		</dict>
		<key>89CEA8591D0344BE002C763A</key>
		<dict>
			<key>fileEncoding</key>
			<string>4</string>
			<key>isa</key>
			<string>PBXFileReference</string>
			<key>lastKnownFileType</key>
			<string>sourcecode.swift</string>
			<key>path</key>
			<string>QuizViewDataProviderProtocol.swift</string>
			<key>sourceTree</key>
			<string>&lt;group&gt;</string>
		</dict>
		<key>89CEA85A1D0344BE002C763A</key>
		<dict>
			<key>fileRef</key>
			<string>89CEA8591D0344BE002C763A</string>
			<key>isa</key>
			<string>PBXBuildFile</string>
		</dict>
		<key>89CEA85D1D0346A3002C763A</key>
		<dict>
			<key>fileEncoding</key>
			<string>4</string>
			<key>isa</key>
			<string>PBXFileReference</string>
			<key>lastKnownFileType</key>
			<string>sourcecode.swift</string>
			<key>path</key>
			<string>QuizViewDataProviderDelegateProtocol.swift</string>
			<key>sourceTree</key>
			<string>&lt;group&gt;</string>
		</dict>
		<key>89CEA85E1D0346A3002C763A</key>
		<dict>
			<key>fileRef</key>
			<string>89CEA85D1D0346A3002C763A</string>
			<key>isa</key>
			<string>PBXBuildFile</string>
		</dict>
		<key>89CEA85F1D03533B002C763A</key>
		<dict>
			<key>fileEncoding</key>
			<string>4</string>
			<key>isa</key>
			<string>PBXFileReference</string>
			<key>lastKnownFileType</key>
			<string>sourcecode.swift</string>
			<key>name</key>
			<string>extensions.swift</string>
			<key>path</key>
			<string>extensions.swift</string>
			<key>sourceTree</key>
			<string>&lt;group&gt;</string>
		</dict>
		<key>89CEA8601D03533B002C763A</key>
		<dict>
			<key>fileRef</key>
			<string>89CEA85F1D03533B002C763A</string>
			<key>isa</key>
			<string>PBXBuildFile</string>
		</dict>
		<key>89CEA8611D035F1F002C763A</key>
		<dict>
			<key>fileEncoding</key>
			<string>4</string>
			<key>isa</key>
			<string>PBXFileReference</string>
			<key>lastKnownFileType</key>
			<string>sourcecode.swift</string>
			<key>path</key>
			<string>QuestionInfo.swift</string>
			<key>sourceTree</key>
			<string>&lt;group&gt;</string>
		</dict>
		<key>89CEA8621D035F1F002C763A</key>
		<dict>
			<key>fileRef</key>
			<string>89CEA8611D035F1F002C763A</string>
			<key>isa</key>
			<string>PBXBuildFile</string>
		</dict>
		<key>89CEA8631D035F74002C763A</key>
		<dict>
			<key>fileEncoding</key>
			<string>4</string>
			<key>isa</key>
			<string>PBXFileReference</string>
			<key>lastKnownFileType</key>
			<string>sourcecode.swift</string>
			<key>path</key>
			<string>Question+CoreDataProperties.swift</string>
			<key>sourceTree</key>
			<string>&lt;group&gt;</string>
		</dict>
		<key>89CEA8641D035F74002C763A</key>
		<dict>
			<key>fileEncoding</key>
			<string>4</string>
			<key>isa</key>
			<string>PBXFileReference</string>
			<key>lastKnownFileType</key>
			<string>sourcecode.swift</string>
			<key>path</key>
			<string>Question.swift</string>
			<key>sourceTree</key>
			<string>&lt;group&gt;</string>
		</dict>
		<key>89CEA8651D035F74002C763A</key>
		<dict>
			<key>fileRef</key>
			<string>89CEA8631D035F74002C763A</string>
			<key>isa</key>
			<string>PBXBuildFile</string>
		</dict>
		<key>89CEA8661D035F74002C763A</key>
		<dict>
			<key>fileRef</key>
			<string>89CEA8641D035F74002C763A</string>
			<key>isa</key>
			<string>PBXBuildFile</string>
		</dict>
		<key>89CEA8671D0360FC002C763A</key>
		<dict>
			<key>fileEncoding</key>
			<string>4</string>
			<key>isa</key>
			<string>PBXFileReference</string>
			<key>lastKnownFileType</key>
			<string>sourcecode.swift</string>
			<key>path</key>
			<string>AnswerInfo.swift</string>
			<key>sourceTree</key>
			<string>&lt;group&gt;</string>
		</dict>
		<key>89CEA8681D0360FC002C763A</key>
		<dict>
			<key>fileRef</key>
			<string>89CEA8671D0360FC002C763A</string>
			<key>isa</key>
			<string>PBXBuildFile</string>
		</dict>
	</dict>
	<key>rootObject</key>
	<string>893A8C841D004E5100748B4E</string>
</dict>
</plist>
