// !$*UTF8*$!
{
	archiveVersion = 1;
	classes = {
	};
	objectVersion = 46;
	objects = {

/* Begin PBXBuildFile section */
		893A8C901D004E5100748B4E /* AppDelegate.swift in Sources */ = {isa = PBXBuildFile; fileRef = 893A8C8F1D004E5100748B4E /* AppDelegate.swift */; };
		893A8C921D004E5100748B4E /* QuizListController.swift in Sources */ = {isa = PBXBuildFile; fileRef = 893A8C911D004E5100748B4E /* QuizListController.swift */; };
		893A8C951D004E5100748B4E /* Main.storyboard in Resources */ = {isa = PBXBuildFile; fileRef = 893A8C931D004E5100748B4E /* Main.storyboard */; };
		893A8C981D004E5100748B4E /* quiz.xcdatamodeld in Sources */ = {isa = PBXBuildFile; fileRef = 893A8C961D004E5100748B4E /* quiz.xcdatamodeld */; };
		893A8C9A1D004E5100748B4E /* Assets.xcassets in Resources */ = {isa = PBXBuildFile; fileRef = 893A8C991D004E5100748B4E /* Assets.xcassets */; };
		893A8C9D1D004E5100748B4E /* LaunchScreen.storyboard in Resources */ = {isa = PBXBuildFile; fileRef = 893A8C9B1D004E5100748B4E /* LaunchScreen.storyboard */; };
		893A8CA81D004E5100748B4E /* quizUITests.swift in Sources */ = {isa = PBXBuildFile; fileRef = 893A8CA71D004E5100748B4E /* quizUITests.swift */; };
		893A8CB31D0063BF00748B4E /* DownloadManager.swift in Sources */ = {isa = PBXBuildFile; fileRef = 893A8CB21D0063BF00748B4E /* DownloadManager.swift */; };
		899F78551D02E37800953018 /* Question+CoreDataProperties.swift in Sources */ = {isa = PBXBuildFile; fileRef = 899F784F1D02E37800953018 /* Question+CoreDataProperties.swift */; };
		899F78561D02E37800953018 /* Question.swift in Sources */ = {isa = PBXBuildFile; fileRef = 899F78501D02E37800953018 /* Question.swift */; };
		899F78571D02E37800953018 /* Answer+CoreDataProperties.swift in Sources */ = {isa = PBXBuildFile; fileRef = 899F78511D02E37800953018 /* Answer+CoreDataProperties.swift */; };
		899F78581D02E37800953018 /* Answer.swift in Sources */ = {isa = PBXBuildFile; fileRef = 899F78521D02E37800953018 /* Answer.swift */; };
		899F78591D02E37800953018 /* Quiz+CoreDataProperties.swift in Sources */ = {isa = PBXBuildFile; fileRef = 899F78531D02E37800953018 /* Quiz+CoreDataProperties.swift */; };
		899F785A1D02E37800953018 /* Quiz.swift in Sources */ = {isa = PBXBuildFile; fileRef = 899F78541D02E37800953018 /* Quiz.swift */; };
		899F785C1D02E9AA00953018 /* QuizInfo.swift in Sources */ = {isa = PBXBuildFile; fileRef = 899F785B1D02E9AA00953018 /* QuizInfo.swift */; };
		899F785F1D02F1E700953018 /* DownloadManagerProtocol.swift in Sources */ = {isa = PBXBuildFile; fileRef = 899F785E1D02F1E700953018 /* DownloadManagerProtocol.swift */; };
		899F78631D02F2B700953018 /* QuizListDataProvider.swift in Sources */ = {isa = PBXBuildFile; fileRef = 899F78621D02F2B700953018 /* QuizListDataProvider.swift */; };
		899F78651D02F2EB00953018 /* QuizListDataProviderProtocol.swift in Sources */ = {isa = PBXBuildFile; fileRef = 899F78641D02F2EB00953018 /* QuizListDataProviderProtocol.swift */; };
		899F78671D030BD500953018 /* QuizListDataProviderFailureDelegateProtocol.swift in Sources */ = {isa = PBXBuildFile; fileRef = 899F78661D030BD500953018 /* QuizListDataProviderFailureDelegateProtocol.swift */; };
		899F786A1D031F0F00953018 /* QuizCell.swift in Sources */ = {isa = PBXBuildFile; fileRef = 899F78691D031F0F00953018 /* QuizCell.swift */; };
		89CEA84E1D0338D4002C763A /* QuizViewController.swift in Sources */ = {isa = PBXBuildFile; fileRef = 89CEA84D1D0338D4002C763A /* QuizViewController.swift */; };
/* End PBXBuildFile section */

/* Begin PBXContainerItemProxy section */
		893A8CA41D004E5100748B4E /* PBXContainerItemProxy */ = {
			isa = PBXContainerItemProxy;
			containerPortal = 893A8C841D004E5100748B4E /* Project object */;
			proxyType = 1;
			remoteGlobalIDString = 893A8C8B1D004E5100748B4E;
			remoteInfo = quiz;
		};
/* End PBXContainerItemProxy section */

/* Begin PBXFileReference section */
		893A8C8C1D004E5100748B4E /* quiz.app */ = {isa = PBXFileReference; explicitFileType = wrapper.application; includeInIndex = 0; path = quiz.app; sourceTree = BUILT_PRODUCTS_DIR; };
		893A8C8F1D004E5100748B4E /* AppDelegate.swift */ = {isa = PBXFileReference; lastKnownFileType = sourcecode.swift; path = AppDelegate.swift; sourceTree = "<group>"; };
		893A8C911D004E5100748B4E /* QuizListController.swift */ = {isa = PBXFileReference; lastKnownFileType = sourcecode.swift; name = QuizListController.swift; path = quiz/QuizListController.swift; sourceTree = "<group>"; };
		893A8C941D004E5100748B4E /* Base */ = {isa = PBXFileReference; lastKnownFileType = file.storyboard; name = Base; path = Base.lproj/Main.storyboard; sourceTree = "<group>"; };
		893A8C971D004E5100748B4E /* quiz.xcdatamodel */ = {isa = PBXFileReference; lastKnownFileType = wrapper.xcdatamodel; path = quiz.xcdatamodel; sourceTree = "<group>"; };
		893A8C991D004E5100748B4E /* Assets.xcassets */ = {isa = PBXFileReference; lastKnownFileType = folder.assetcatalog; path = Assets.xcassets; sourceTree = "<group>"; };
		893A8C9C1D004E5100748B4E /* Base */ = {isa = PBXFileReference; lastKnownFileType = file.storyboard; name = Base; path = Base.lproj/LaunchScreen.storyboard; sourceTree = "<group>"; };
		893A8C9E1D004E5100748B4E /* Info.plist */ = {isa = PBXFileReference; lastKnownFileType = text.plist.xml; path = Info.plist; sourceTree = "<group>"; };
		893A8CA31D004E5100748B4E /* quizUITests.xctest */ = {isa = PBXFileReference; explicitFileType = wrapper.cfbundle; includeInIndex = 0; path = quizUITests.xctest; sourceTree = BUILT_PRODUCTS_DIR; };
		893A8CA71D004E5100748B4E /* quizUITests.swift */ = {isa = PBXFileReference; lastKnownFileType = sourcecode.swift; path = quizUITests.swift; sourceTree = "<group>"; };
		893A8CA91D004E5100748B4E /* Info.plist */ = {isa = PBXFileReference; lastKnownFileType = text.plist.xml; path = Info.plist; sourceTree = "<group>"; };
		893A8CB21D0063BF00748B4E /* DownloadManager.swift */ = {isa = PBXFileReference; fileEncoding = 4; lastKnownFileType = sourcecode.swift; name = DownloadManager.swift; path = quiz/DownloadManager.swift; sourceTree = "<group>"; };
		899F784F1D02E37800953018 /* Question+CoreDataProperties.swift */ = {isa = PBXFileReference; fileEncoding = 4; lastKnownFileType = sourcecode.swift; name = "Question+CoreDataProperties.swift"; path = "quiz/Question+CoreDataProperties.swift"; sourceTree = "<group>"; };
		899F78501D02E37800953018 /* Question.swift */ = {isa = PBXFileReference; fileEncoding = 4; lastKnownFileType = sourcecode.swift; name = Question.swift; path = quiz/Question.swift; sourceTree = "<group>"; };
		899F78511D02E37800953018 /* Answer+CoreDataProperties.swift */ = {isa = PBXFileReference; fileEncoding = 4; lastKnownFileType = sourcecode.swift; name = "Answer+CoreDataProperties.swift"; path = "quiz/Answer+CoreDataProperties.swift"; sourceTree = "<group>"; };
		899F78521D02E37800953018 /* Answer.swift */ = {isa = PBXFileReference; fileEncoding = 4; lastKnownFileType = sourcecode.swift; name = Answer.swift; path = quiz/Answer.swift; sourceTree = "<group>"; };
		899F78531D02E37800953018 /* Quiz+CoreDataProperties.swift */ = {isa = PBXFileReference; fileEncoding = 4; lastKnownFileType = sourcecode.swift; name = "Quiz+CoreDataProperties.swift"; path = "quiz/Quiz+CoreDataProperties.swift"; sourceTree = "<group>"; };
		899F78541D02E37800953018 /* Quiz.swift */ = {isa = PBXFileReference; fileEncoding = 4; lastKnownFileType = sourcecode.swift; name = Quiz.swift; path = quiz/Quiz.swift; sourceTree = "<group>"; };
		899F785B1D02E9AA00953018 /* QuizInfo.swift */ = {isa = PBXFileReference; fileEncoding = 4; lastKnownFileType = sourcecode.swift; name = QuizInfo.swift; path = quiz/QuizInfo.swift; sourceTree = "<group>"; };
		899F785E1D02F1E700953018 /* DownloadManagerProtocol.swift */ = {isa = PBXFileReference; fileEncoding = 4; lastKnownFileType = sourcecode.swift; path = DownloadManagerProtocol.swift; sourceTree = "<group>"; };
		899F78621D02F2B700953018 /* QuizListDataProvider.swift */ = {isa = PBXFileReference; fileEncoding = 4; lastKnownFileType = sourcecode.swift; path = QuizListDataProvider.swift; sourceTree = "<group>"; };
		899F78641D02F2EB00953018 /* QuizListDataProviderProtocol.swift */ = {isa = PBXFileReference; fileEncoding = 4; lastKnownFileType = sourcecode.swift; path = QuizListDataProviderProtocol.swift; sourceTree = "<group>"; };
		899F78661D030BD500953018 /* QuizListDataProviderFailureDelegateProtocol.swift */ = {isa = PBXFileReference; fileEncoding = 4; lastKnownFileType = sourcecode.swift; path = QuizListDataProviderFailureDelegateProtocol.swift; sourceTree = "<group>"; };
		899F78691D031F0F00953018 /* QuizCell.swift */ = {isa = PBXFileReference; fileEncoding = 4; lastKnownFileType = sourcecode.swift; path = QuizCell.swift; sourceTree = "<group>"; };
		89CEA84D1D0338D4002C763A /* QuizViewController.swift */ = {isa = PBXFileReference; fileEncoding = 4; lastKnownFileType = sourcecode.swift; path = QuizViewController.swift; sourceTree = "<group>"; };
/* End PBXFileReference section */

/* Begin PBXFrameworksBuildPhase section */
		893A8C891D004E5100748B4E /* Frameworks */ = {
			isa = PBXFrameworksBuildPhase;
			buildActionMask = 2147483647;
			files = (
			);
			runOnlyForDeploymentPostprocessing = 0;
		};
		893A8CA01D004E5100748B4E /* Frameworks */ = {
			isa = PBXFrameworksBuildPhase;
			buildActionMask = 2147483647;
			files = (
			);
			runOnlyForDeploymentPostprocessing = 0;
		};
/* End PBXFrameworksBuildPhase section */

/* Begin PBXGroup section */
		893A8C831D004E5100748B4E = {
			isa = PBXGroup;
			children = (
				899F78681D031EE800953018 /* views */,
				899F78611D02F27000953018 /* QuizList */,
				899F78601D02F25E00953018 /* Model */,
				899F785D1D02F1D000953018 /* API */,
				893A8C8E1D004E5100748B4E /* quiz */,
				893A8CA61D004E5100748B4E /* quizUITests */,
				893A8C8D1D004E5100748B4E /* Products */,
			);
			sourceTree = "<group>";
		};
		893A8C8D1D004E5100748B4E /* Products */ = {
			isa = PBXGroup;
			children = (
				893A8C8C1D004E5100748B4E /* quiz.app */,
				893A8CA31D004E5100748B4E /* quizUITests.xctest */,
			);
			name = Products;
			sourceTree = "<group>";
		};
		893A8C8E1D004E5100748B4E /* quiz */ = {
			isa = PBXGroup;
			children = (
				893A8C8F1D004E5100748B4E /* AppDelegate.swift */,
				893A8C931D004E5100748B4E /* Main.storyboard */,
				893A8C991D004E5100748B4E /* Assets.xcassets */,
				893A8C9B1D004E5100748B4E /* LaunchScreen.storyboard */,
				893A8C9E1D004E5100748B4E /* Info.plist */,
				893A8C961D004E5100748B4E /* quiz.xcdatamodeld */,
			);
			path = quiz;
			sourceTree = "<group>";
		};
		893A8CA61D004E5100748B4E /* quizUITests */ = {
			isa = PBXGroup;
			children = (
				893A8CA71D004E5100748B4E /* quizUITests.swift */,
				893A8CA91D004E5100748B4E /* Info.plist */,
			);
			path = quizUITests;
			sourceTree = "<group>";
		};
		899F785D1D02F1D000953018 /* API */ = {
			isa = PBXGroup;
			children = (
				893A8CB21D0063BF00748B4E /* DownloadManager.swift */,
				899F785E1D02F1E700953018 /* DownloadManagerProtocol.swift */,
			);
			name = API;
			sourceTree = "<group>";
		};
		899F78601D02F25E00953018 /* Model */ = {
			isa = PBXGroup;
			children = (
				899F785B1D02E9AA00953018 /* QuizInfo.swift */,
				899F784F1D02E37800953018 /* Question+CoreDataProperties.swift */,
				899F78501D02E37800953018 /* Question.swift */,
				899F78511D02E37800953018 /* Answer+CoreDataProperties.swift */,
				899F78521D02E37800953018 /* Answer.swift */,
				899F78531D02E37800953018 /* Quiz+CoreDataProperties.swift */,
				899F78541D02E37800953018 /* Quiz.swift */,
			);
			name = Model;
			sourceTree = "<group>";
		};
		899F78611D02F27000953018 /* QuizList */ = {
			isa = PBXGroup;
			children = (
				893A8C911D004E5100748B4E /* QuizListController.swift */,
				899F78621D02F2B700953018 /* QuizListDataProvider.swift */,
				899F78641D02F2EB00953018 /* QuizListDataProviderProtocol.swift */,
				899F78661D030BD500953018 /* QuizListDataProviderFailureDelegateProtocol.swift */,
			);
			name = QuizList;
			sourceTree = "<group>";
		};
		899F78681D031EE800953018 /* views */ = {
			isa = PBXGroup;
			children = (
				899F78691D031F0F00953018 /* QuizCell.swift */,
				89CEA84D1D0338D4002C763A /* QuizViewController.swift */,
			);
			name = views;
			sourceTree = "<group>";
		};
/* End PBXGroup section */

/* Begin PBXNativeTarget section */
		893A8C8B1D004E5100748B4E /* quiz */ = {
			isa = PBXNativeTarget;
			buildConfigurationList = 893A8CAC1D004E5100748B4E /* Build configuration list for PBXNativeTarget "quiz" */;
			buildPhases = (
				893A8C881D004E5100748B4E /* Sources */,
				893A8C891D004E5100748B4E /* Frameworks */,
				893A8C8A1D004E5100748B4E /* Resources */,
			);
			buildRules = (
			);
			dependencies = (
			);
			name = quiz;
			productName = quiz;
			productReference = 893A8C8C1D004E5100748B4E /* quiz.app */;
			productType = "com.apple.product-type.application";
		};
		893A8CA21D004E5100748B4E /* quizUITests */ = {
			isa = PBXNativeTarget;
			buildConfigurationList = 893A8CAF1D004E5100748B4E /* Build configuration list for PBXNativeTarget "quizUITests" */;
			buildPhases = (
				893A8C9F1D004E5100748B4E /* Sources */,
				893A8CA01D004E5100748B4E /* Frameworks */,
				893A8CA11D004E5100748B4E /* Resources */,
			);
			buildRules = (
			);
			dependencies = (
				893A8CA51D004E5100748B4E /* PBXTargetDependency */,
			);
			name = quizUITests;
			productName = quizUITests;
			productReference = 893A8CA31D004E5100748B4E /* quizUITests.xctest */;
			productType = "com.apple.product-type.bundle.ui-testing";
		};
/* End PBXNativeTarget section */

/* Begin PBXProject section */
		893A8C841D004E5100748B4E /* Project object */ = {
			isa = PBXProject;
			attributes = {
				LastSwiftUpdateCheck = 0730;
				LastUpgradeCheck = 0730;
				ORGANIZATIONNAME = company;
				TargetAttributes = {
					893A8C8B1D004E5100748B4E = {
						CreatedOnToolsVersion = 7.3;
					};
					893A8CA21D004E5100748B4E = {
						CreatedOnToolsVersion = 7.3;
						TestTargetID = 893A8C8B1D004E5100748B4E;
					};
				};
			};
			buildConfigurationList = 893A8C871D004E5100748B4E /* Build configuration list for PBXProject "quiz" */;
			compatibilityVersion = "Xcode 3.2";
			developmentRegion = English;
			hasScannedForEncodings = 0;
			knownRegions = (
				en,
				Base,
			);
			mainGroup = 893A8C831D004E5100748B4E;
			productRefGroup = 893A8C8D1D004E5100748B4E /* Products */;
			projectDirPath = "";
			projectRoot = "";
			targets = (
				893A8C8B1D004E5100748B4E /* quiz */,
				893A8CA21D004E5100748B4E /* quizUITests */,
			);
		};
/* End PBXProject section */

/* Begin PBXResourcesBuildPhase section */
		893A8C8A1D004E5100748B4E /* Resources */ = {
			isa = PBXResourcesBuildPhase;
			buildActionMask = 2147483647;
			files = (
				893A8C9D1D004E5100748B4E /* LaunchScreen.storyboard in Resources */,
				893A8C9A1D004E5100748B4E /* Assets.xcassets in Resources */,
				893A8C951D004E5100748B4E /* Main.storyboard in Resources */,
			);
			runOnlyForDeploymentPostprocessing = 0;
		};
		893A8CA11D004E5100748B4E /* Resources */ = {
			isa = PBXResourcesBuildPhase;
			buildActionMask = 2147483647;
			files = (
			);
			runOnlyForDeploymentPostprocessing = 0;
		};
/* End PBXResourcesBuildPhase section */

/* Begin PBXSourcesBuildPhase section */
		893A8C881D004E5100748B4E /* Sources */ = {
			isa = PBXSourcesBuildPhase;
			buildActionMask = 2147483647;
			files = (
				899F785C1D02E9AA00953018 /* QuizInfo.swift in Sources */,
				89CEA84E1D0338D4002C763A /* QuizViewController.swift in Sources */,
				893A8CB31D0063BF00748B4E /* DownloadManager.swift in Sources */,
				899F786A1D031F0F00953018 /* QuizCell.swift in Sources */,
				899F78551D02E37800953018 /* Question+CoreDataProperties.swift in Sources */,
				899F78591D02E37800953018 /* Quiz+CoreDataProperties.swift in Sources */,
				893A8C921D004E5100748B4E /* QuizListController.swift in Sources */,
				899F785F1D02F1E700953018 /* DownloadManagerProtocol.swift in Sources */,
				899F78631D02F2B700953018 /* QuizListDataProvider.swift in Sources */,
				899F78581D02E37800953018 /* Answer.swift in Sources */,
				899F78671D030BD500953018 /* QuizListDataProviderFailureDelegateProtocol.swift in Sources */,
				893A8C901D004E5100748B4E /* AppDelegate.swift in Sources */,
				899F785A1D02E37800953018 /* Quiz.swift in Sources */,
				899F78571D02E37800953018 /* Answer+CoreDataProperties.swift in Sources */,
				899F78561D02E37800953018 /* Question.swift in Sources */,
				893A8C981D004E5100748B4E /* quiz.xcdatamodeld in Sources */,
				899F78651D02F2EB00953018 /* QuizListDataProviderProtocol.swift in Sources */,
			);
			runOnlyForDeploymentPostprocessing = 0;
		};
		893A8C9F1D004E5100748B4E /* Sources */ = {
			isa = PBXSourcesBuildPhase;
			buildActionMask = 2147483647;
			files = (
				893A8CA81D004E5100748B4E /* quizUITests.swift in Sources */,
			);
			runOnlyForDeploymentPostprocessing = 0;
		};
/* End PBXSourcesBuildPhase section */

/* Begin PBXTargetDependency section */
		893A8CA51D004E5100748B4E /* PBXTargetDependency */ = {
			isa = PBXTargetDependency;
			target = 893A8C8B1D004E5100748B4E /* quiz */;
			targetProxy = 893A8CA41D004E5100748B4E /* PBXContainerItemProxy */;
		};
/* End PBXTargetDependency section */

/* Begin PBXVariantGroup section */
		893A8C931D004E5100748B4E /* Main.storyboard */ = {
			isa = PBXVariantGroup;
			children = (
				893A8C941D004E5100748B4E /* Base */,
			);
			name = Main.storyboard;
			sourceTree = "<group>";
		};
		893A8C9B1D004E5100748B4E /* LaunchScreen.storyboard */ = {
			isa = PBXVariantGroup;
			children = (
				893A8C9C1D004E5100748B4E /* Base */,
			);
			name = LaunchScreen.storyboard;
			sourceTree = "<group>";
		};
/* End PBXVariantGroup section */

/* Begin XCBuildConfiguration section */
		893A8CAA1D004E5100748B4E /* Debug */ = {
			isa = XCBuildConfiguration;
			buildSettings = {
				ALWAYS_SEARCH_USER_PATHS = NO;
				CLANG_ANALYZER_NONNULL = YES;
				CLANG_CXX_LANGUAGE_STANDARD = "gnu++0x";
				CLANG_CXX_LIBRARY = "libc++";
				CLANG_ENABLE_MODULES = YES;
				CLANG_ENABLE_OBJC_ARC = YES;
				CLANG_WARN_BOOL_CONVERSION = YES;
				CLANG_WARN_CONSTANT_CONVERSION = YES;
				CLANG_WARN_DIRECT_OBJC_ISA_USAGE = YES_ERROR;
				CLANG_WARN_EMPTY_BODY = YES;
				CLANG_WARN_ENUM_CONVERSION = YES;
				CLANG_WARN_INT_CONVERSION = YES;
				CLANG_WARN_OBJC_ROOT_CLASS = YES_ERROR;
				CLANG_WARN_UNREACHABLE_CODE = YES;
				CLANG_WARN__DUPLICATE_METHOD_MATCH = YES;
				"CODE_SIGN_IDENTITY[sdk=iphoneos*]" = "iPhone Developer";
				COPY_PHASE_STRIP = NO;
				DEBUG_INFORMATION_FORMAT = dwarf;
				ENABLE_STRICT_OBJC_MSGSEND = YES;
				ENABLE_TESTABILITY = YES;
				GCC_C_LANGUAGE_STANDARD = gnu99;
				GCC_DYNAMIC_NO_PIC = NO;
				GCC_NO_COMMON_BLOCKS = YES;
				GCC_OPTIMIZATION_LEVEL = 0;
				GCC_PREPROCESSOR_DEFINITIONS = (
					"DEBUG=1",
					"$(inherited)",
				);
				GCC_WARN_64_TO_32_BIT_CONVERSION = YES;
				GCC_WARN_ABOUT_RETURN_TYPE = YES_ERROR;
				GCC_WARN_UNDECLARED_SELECTOR = YES;
				GCC_WARN_UNINITIALIZED_AUTOS = YES_AGGRESSIVE;
				GCC_WARN_UNUSED_FUNCTION = YES;
				GCC_WARN_UNUSED_VARIABLE = YES;
				IPHONEOS_DEPLOYMENT_TARGET = 9.3;
				MTL_ENABLE_DEBUG_INFO = YES;
				ONLY_ACTIVE_ARCH = YES;
				SDKROOT = iphoneos;
				SWIFT_OPTIMIZATION_LEVEL = "-Onone";
				TARGETED_DEVICE_FAMILY = "1,2";
			};
			name = Debug;
		};
		893A8CAB1D004E5100748B4E /* Release */ = {
			isa = XCBuildConfiguration;
			buildSettings = {
				ALWAYS_SEARCH_USER_PATHS = NO;
				CLANG_ANALYZER_NONNULL = YES;
				CLANG_CXX_LANGUAGE_STANDARD = "gnu++0x";
				CLANG_CXX_LIBRARY = "libc++";
				CLANG_ENABLE_MODULES = YES;
				CLANG_ENABLE_OBJC_ARC = YES;
				CLANG_WARN_BOOL_CONVERSION = YES;
				CLANG_WARN_CONSTANT_CONVERSION = YES;
				CLANG_WARN_DIRECT_OBJC_ISA_USAGE = YES_ERROR;
				CLANG_WARN_EMPTY_BODY = YES;
				CLANG_WARN_ENUM_CONVERSION = YES;
				CLANG_WARN_INT_CONVERSION = YES;
				CLANG_WARN_OBJC_ROOT_CLASS = YES_ERROR;
				CLANG_WARN_UNREACHABLE_CODE = YES;
				CLANG_WARN__DUPLICATE_METHOD_MATCH = YES;
				"CODE_SIGN_IDENTITY[sdk=iphoneos*]" = "iPhone Developer";
				COPY_PHASE_STRIP = NO;
				DEBUG_INFORMATION_FORMAT = "dwarf-with-dsym";
				ENABLE_NS_ASSERTIONS = NO;
				ENABLE_STRICT_OBJC_MSGSEND = YES;
				GCC_C_LANGUAGE_STANDARD = gnu99;
				GCC_NO_COMMON_BLOCKS = YES;
				GCC_WARN_64_TO_32_BIT_CONVERSION = YES;
				GCC_WARN_ABOUT_RETURN_TYPE = YES_ERROR;
				GCC_WARN_UNDECLARED_SELECTOR = YES;
				GCC_WARN_UNINITIALIZED_AUTOS = YES_AGGRESSIVE;
				GCC_WARN_UNUSED_FUNCTION = YES;
				GCC_WARN_UNUSED_VARIABLE = YES;
				IPHONEOS_DEPLOYMENT_TARGET = 9.3;
				MTL_ENABLE_DEBUG_INFO = NO;
				SDKROOT = iphoneos;
				TARGETED_DEVICE_FAMILY = "1,2";
				VALIDATE_PRODUCT = YES;
			};
			name = Release;
		};
		893A8CAD1D004E5100748B4E /* Debug */ = {
			isa = XCBuildConfiguration;
			buildSettings = {
				ASSETCATALOG_COMPILER_APPICON_NAME = AppIcon;
				INFOPLIST_FILE = quiz/Info.plist;
				LD_RUNPATH_SEARCH_PATHS = "$(inherited) @executable_path/Frameworks";
				PRODUCT_BUNDLE_IDENTIFIER = com.company.quiz.quiz;
				PRODUCT_NAME = "$(TARGET_NAME)";
			};
			name = Debug;
		};
		893A8CAE1D004E5100748B4E /* Release */ = {
			isa = XCBuildConfiguration;
			buildSettings = {
				ASSETCATALOG_COMPILER_APPICON_NAME = AppIcon;
				INFOPLIST_FILE = quiz/Info.plist;
				LD_RUNPATH_SEARCH_PATHS = "$(inherited) @executable_path/Frameworks";
				PRODUCT_BUNDLE_IDENTIFIER = com.company.quiz.quiz;
				PRODUCT_NAME = "$(TARGET_NAME)";
			};
			name = Release;
		};
		893A8CB01D004E5100748B4E /* Debug */ = {
			isa = XCBuildConfiguration;
			buildSettings = {
				INFOPLIST_FILE = quizUITests/Info.plist;
				LD_RUNPATH_SEARCH_PATHS = "$(inherited) @executable_path/Frameworks @loader_path/Frameworks";
				PRODUCT_BUNDLE_IDENTIFIER = com.company.quiz.quizUITests;
				PRODUCT_NAME = "$(TARGET_NAME)";
				TEST_TARGET_NAME = quiz;
			};
			name = Debug;
		};
		893A8CB11D004E5100748B4E /* Release */ = {
			isa = XCBuildConfiguration;
			buildSettings = {
				INFOPLIST_FILE = quizUITests/Info.plist;
				LD_RUNPATH_SEARCH_PATHS = "$(inherited) @executable_path/Frameworks @loader_path/Frameworks";
				PRODUCT_BUNDLE_IDENTIFIER = com.company.quiz.quizUITests;
				PRODUCT_NAME = "$(TARGET_NAME)";
				TEST_TARGET_NAME = quiz;
			};
			name = Release;
		};
/* End XCBuildConfiguration section */

/* Begin XCConfigurationList section */
		893A8C871D004E5100748B4E /* Build configuration list for PBXProject "quiz" */ = {
			isa = XCConfigurationList;
			buildConfigurations = (
				893A8CAA1D004E5100748B4E /* Debug */,
				893A8CAB1D004E5100748B4E /* Release */,
			);
			defaultConfigurationIsVisible = 0;
			defaultConfigurationName = Release;
		};
		893A8CAC1D004E5100748B4E /* Build configuration list for PBXNativeTarget "quiz" */ = {
			isa = XCConfigurationList;
			buildConfigurations = (
				893A8CAD1D004E5100748B4E /* Debug */,
				893A8CAE1D004E5100748B4E /* Release */,
			);
			defaultConfigurationIsVisible = 0;
			defaultConfigurationName = Release;
		};
		893A8CAF1D004E5100748B4E /* Build configuration list for PBXNativeTarget "quizUITests" */ = {
			isa = XCConfigurationList;
			buildConfigurations = (
				893A8CB01D004E5100748B4E /* Debug */,
				893A8CB11D004E5100748B4E /* Release */,
			);
			defaultConfigurationIsVisible = 0;
			defaultConfigurationName = Release;
		};
/* End XCConfigurationList section */

/* Begin XCVersionGroup section */
		893A8C961D004E5100748B4E /* quiz.xcdatamodeld */ = {
			isa = XCVersionGroup;
			children = (
				893A8C971D004E5100748B4E /* quiz.xcdatamodel */,
			);
			currentVersion = 893A8C971D004E5100748B4E /* quiz.xcdatamodel */;
			path = quiz.xcdatamodeld;
			sourceTree = "<group>";
			versionGroupType = wrapper.xcdatamodel;
		};
/* End XCVersionGroup section */
	};
	rootObject = 893A8C841D004E5100748B4E /* Project object */;
}
